// !$*UTF8*$!
{
	archiveVersion = 1;
	classes = {
	};
	objectVersion = 50;
	objects = {

/* Begin PBXBuildFile section */
		480A0AC32289B98100004783 /* CalendarView.swift in Sources */ = {isa = PBXBuildFile; fileRef = 480A0AC22289B98100004783 /* CalendarView.swift */; };
		480A0AC52289B9F900004783 /* StepsView.swift in Sources */ = {isa = PBXBuildFile; fileRef = 480A0AC42289B9F900004783 /* StepsView.swift */; };
		480A0AC72289BA3400004783 /* GoalHaventStartedView.swift in Sources */ = {isa = PBXBuildFile; fileRef = 480A0AC62289BA3400004783 /* GoalHaventStartedView.swift */; };
		484859E0228B238B001D0B62 /* WithoutStepsStateView.swift in Sources */ = {isa = PBXBuildFile; fileRef = 484859DF228B238A001D0B62 /* WithoutStepsStateView.swift */; };
		484859E2228B426D001D0B62 /* StepCollectionViewCell.swift in Sources */ = {isa = PBXBuildFile; fileRef = 484859E1228B426D001D0B62 /* StepCollectionViewCell.swift */; };
		484859E4228B4A88001D0B62 /* GoalHeaderView.swift in Sources */ = {isa = PBXBuildFile; fileRef = 484859E3228B4A88001D0B62 /* GoalHeaderView.swift */; };
		484859E6228B4E49001D0B62 /* CircularProgressView.swift in Sources */ = {isa = PBXBuildFile; fileRef = 484859E5228B4E49001D0B62 /* CircularProgressView.swift */; };
		48485A0C228F4BD5001D0B62 /* DateCollectionViewCell.swift in Sources */ = {isa = PBXBuildFile; fileRef = 48485A0B228F4BD5001D0B62 /* DateCollectionViewCell.swift */; };
		4855A7BD2289E3700037BE80 /* RoundedButton.swift in Sources */ = {isa = PBXBuildFile; fileRef = 4855A7BC2289E3700037BE80 /* RoundedButton.swift */; };
		92188CE322809370001C9310 /* DetailGoalViewController.swift in Sources */ = {isa = PBXBuildFile; fileRef = 92188CE222809370001C9310 /* DetailGoalViewController.swift */; };
		92188CE52280B316001C9310 /* DetailGoalViewCell.swift in Sources */ = {isa = PBXBuildFile; fileRef = 92188CE42280B316001C9310 /* DetailGoalViewCell.swift */; };
		9228160D227F5F0600EA9D92 /* GoalField.swift in Sources */ = {isa = PBXBuildFile; fileRef = 9228160C227F5F0600EA9D92 /* GoalField.swift */; };
		9230DC85228DDAA700BF06B3 /* ViewsNeed.swift in Sources */ = {isa = PBXBuildFile; fileRef = 9230DC84228DDAA700BF06B3 /* ViewsNeed.swift */; };
		9230DC87228E25BC00BF06B3 /* UIComponents+Extension.swift in Sources */ = {isa = PBXBuildFile; fileRef = 9230DC86228E25BC00BF06B3 /* UIComponents+Extension.swift */; };
		923D934E226E16610006ED17 /* AppDelegate.swift in Sources */ = {isa = PBXBuildFile; fileRef = 923D934D226E16610006ED17 /* AppDelegate.swift */; };
		923D9355226E16610006ED17 /* Assets.xcassets in Resources */ = {isa = PBXBuildFile; fileRef = 923D9354226E16610006ED17 /* Assets.xcassets */; };
		923D9358226E16610006ED17 /* LaunchScreen.storyboard in Resources */ = {isa = PBXBuildFile; fileRef = 923D9356226E16610006ED17 /* LaunchScreen.storyboard */; };
		923D9363226E16620006ED17 /* Mini_Challenge_IIITests.swift in Sources */ = {isa = PBXBuildFile; fileRef = 923D9362226E16620006ED17 /* Mini_Challenge_IIITests.swift */; };
		923D936E226E16620006ED17 /* Mini_Challenge_IIIUITests.swift in Sources */ = {isa = PBXBuildFile; fileRef = 923D936D226E16620006ED17 /* Mini_Challenge_IIIUITests.swift */; };
		923D937F226E19330006ED17 /* Page.swift in Sources */ = {isa = PBXBuildFile; fileRef = 923D937E226E19330006ED17 /* Page.swift */; };
		923D9381226E19720006ED17 /* PageCell.swift in Sources */ = {isa = PBXBuildFile; fileRef = 923D9380226E19720006ED17 /* PageCell.swift */; };
		923D9384226E199E0006ED17 /* Constraints+UIView.swift in Sources */ = {isa = PBXBuildFile; fileRef = 923D9383226E199E0006ED17 /* Constraints+UIView.swift */; };
		923D9386226E1A200006ED17 /* LoginController.swift in Sources */ = {isa = PBXBuildFile; fileRef = 923D9385226E1A200006ED17 /* LoginController.swift */; };
		923D9388226E1A390006ED17 /* LoginCell.swift in Sources */ = {isa = PBXBuildFile; fileRef = 923D9387226E1A390006ED17 /* LoginCell.swift */; };
		923D938D226E1A8C0006ED17 /* UserDefaults+helpers.swift in Sources */ = {isa = PBXBuildFile; fileRef = 923D938C226E1A8C0006ED17 /* UserDefaults+helpers.swift */; };
		923D938F226E1AA70006ED17 /* CustomTabBarController.swift in Sources */ = {isa = PBXBuildFile; fileRef = 923D938E226E1AA70006ED17 /* CustomTabBarController.swift */; };
		923D9391226FA0050006ED17 /* BaseListController.swift in Sources */ = {isa = PBXBuildFile; fileRef = 923D9390226FA0050006ED17 /* BaseListController.swift */; };
		923F98CD2280C6140099C000 /* GoalHelper.swift in Sources */ = {isa = PBXBuildFile; fileRef = 923F98CC2280C6140099C000 /* GoalHelper.swift */; };
		9240DA6B2289890A0094961A /* data-base.xcdatamodeld in Sources */ = {isa = PBXBuildFile; fileRef = 9240DA692289890A0094961A /* data-base.xcdatamodeld */; };
		9240DA6F228989690094961A /* DAO.swift in Sources */ = {isa = PBXBuildFile; fileRef = 9240DA6E228989690094961A /* DAO.swift */; };
		9240DA7122898A360094961A /* CoreDataDAO.swift in Sources */ = {isa = PBXBuildFile; fileRef = 9240DA7022898A360094961A /* CoreDataDAO.swift */; };
		9240DA73228991E50094961A /* NSManagedObject+Extension.swift in Sources */ = {isa = PBXBuildFile; fileRef = 9240DA72228991E50094961A /* NSManagedObject+Extension.swift */; };
		9249BE2D228343D600178E92 /* ProgressStepView.swift in Sources */ = {isa = PBXBuildFile; fileRef = 9249BE2C228343D600178E92 /* ProgressStepView.swift */; };
		924D0F56227CB13300C272E7 /* ListGoalsViewController.swift in Sources */ = {isa = PBXBuildFile; fileRef = 924D0F55227CB13300C272E7 /* ListGoalsViewController.swift */; };
		924D0F58227CB30200C272E7 /* CreateGoalViewController.swift in Sources */ = {isa = PBXBuildFile; fileRef = 924D0F57227CB30200C272E7 /* CreateGoalViewController.swift */; };
		924D0F5A227CB55500C272E7 /* CreateGoalsView.swift in Sources */ = {isa = PBXBuildFile; fileRef = 924D0F59227CB55500C272E7 /* CreateGoalsView.swift */; };
		9271BC4D2289DF9100321ED5 /* StepCore+CoreData+Class.swift in Sources */ = {isa = PBXBuildFile; fileRef = 9271BC4C2289DF9100321ED5 /* StepCore+CoreData+Class.swift */; };
		9271BC4F2289E10A00321ED5 /* StepCore+CoreDataProperties].swift in Sources */ = {isa = PBXBuildFile; fileRef = 9271BC4E2289E10A00321ED5 /* StepCore+CoreDataProperties].swift */; };
		9271BC51228A168400321ED5 /* CreateGoals+Extensions.swift in Sources */ = {isa = PBXBuildFile; fileRef = 9271BC50228A168400321ED5 /* CreateGoals+Extensions.swift */; };
		92775293227F758100DD06AA /* ListGoalViewCell.swift in Sources */ = {isa = PBXBuildFile; fileRef = 92775292227F758100DD06AA /* ListGoalViewCell.swift */; };
		92775295227FB0C200DD06AA /* Goal.swift in Sources */ = {isa = PBXBuildFile; fileRef = 92775294227FB0C200DD06AA /* Goal.swift */; };
		927752972280923A00DD06AA /* Step.swift in Sources */ = {isa = PBXBuildFile; fileRef = 927752962280923A00DD06AA /* Step.swift */; };
		9280F190227006600071D341 /* SmartController.swift in Sources */ = {isa = PBXBuildFile; fileRef = 9280F18F227006600071D341 /* SmartController.swift */; };
		9280F192227009AA0071D341 /* SmartCell.swift in Sources */ = {isa = PBXBuildFile; fileRef = 9280F191227009AA0071D341 /* SmartCell.swift */; };
		9280F19422701DF60071D341 /* SmartFullScreenController.swift in Sources */ = {isa = PBXBuildFile; fileRef = 9280F19322701DF60071D341 /* SmartFullScreenController.swift */; };
		9280F196227020950071D341 /* SmartFullScreenDescriptionCell.swift in Sources */ = {isa = PBXBuildFile; fileRef = 9280F195227020950071D341 /* SmartFullScreenDescriptionCell.swift */; };
		9280F198227029640071D341 /* SmarFullScreenHeaderCell.swift in Sources */ = {isa = PBXBuildFile; fileRef = 9280F197227029640071D341 /* SmarFullScreenHeaderCell.swift */; };
		929295632289DB620094C6D7 /* GoalCore+ClassCoreData.swift in Sources */ = {isa = PBXBuildFile; fileRef = 929295622289DB620094C6D7 /* GoalCore+ClassCoreData.swift */; };
		929295652289DBEC0094C6D7 /* GolCore+CoreDataPropertie.swift in Sources */ = {isa = PBXBuildFile; fileRef = 929295642289DBEC0094C6D7 /* GolCore+CoreDataPropertie.swift */; };
		92A9921C22863AE700A79932 /* OptionsController.swift in Sources */ = {isa = PBXBuildFile; fileRef = 92A9921B22863AE700A79932 /* OptionsController.swift */; };
		92A9921E22863AF500A79932 /* OptionsView.swift in Sources */ = {isa = PBXBuildFile; fileRef = 92A9921D22863AF500A79932 /* OptionsView.swift */; };
		92B19ABD228278A200F6649A /* SquareListGoalCell.swift in Sources */ = {isa = PBXBuildFile; fileRef = 92B19ABC228278A200F6649A /* SquareListGoalCell.swift */; };
		92B3ACDF22848E0600D78CFD /* ResumeViewController.swift in Sources */ = {isa = PBXBuildFile; fileRef = 92B3ACDE22848E0600D78CFD /* ResumeViewController.swift */; };
		92B3ACE122848E4200D78CFD /* ResumeView.swift in Sources */ = {isa = PBXBuildFile; fileRef = 92B3ACE022848E4200D78CFD /* ResumeView.swift */; };
		92B3ACE32284A5B000D78CFD /* UIView+Helpers.swift in Sources */ = {isa = PBXBuildFile; fileRef = 92B3ACE22284A5B000D78CFD /* UIView+Helpers.swift */; };
		92CA2B602287425D000493F1 /* OptionsControllerExtension.swift in Sources */ = {isa = PBXBuildFile; fileRef = 92CA2B5F2287425D000493F1 /* OptionsControllerExtension.swift */; };
/* End PBXBuildFile section */

/* Begin PBXContainerItemProxy section */
		923D935F226E16620006ED17 /* PBXContainerItemProxy */ = {
			isa = PBXContainerItemProxy;
			containerPortal = 923D9342226E16610006ED17 /* Project object */;
			proxyType = 1;
			remoteGlobalIDString = 923D9349226E16610006ED17;
			remoteInfo = "Mini Challenge III";
		};
		923D936A226E16620006ED17 /* PBXContainerItemProxy */ = {
			isa = PBXContainerItemProxy;
			containerPortal = 923D9342226E16610006ED17 /* Project object */;
			proxyType = 1;
			remoteGlobalIDString = 923D9349226E16610006ED17;
			remoteInfo = "Mini Challenge III";
		};
/* End PBXContainerItemProxy section */

/* Begin PBXFileReference section */
		480A0AC22289B98100004783 /* CalendarView.swift */ = {isa = PBXFileReference; lastKnownFileType = sourcecode.swift; path = CalendarView.swift; sourceTree = "<group>"; };
		480A0AC42289B9F900004783 /* StepsView.swift */ = {isa = PBXFileReference; lastKnownFileType = sourcecode.swift; path = StepsView.swift; sourceTree = "<group>"; };
		480A0AC62289BA3400004783 /* GoalHaventStartedView.swift */ = {isa = PBXFileReference; lastKnownFileType = sourcecode.swift; path = GoalHaventStartedView.swift; sourceTree = "<group>"; };
		484859DF228B238A001D0B62 /* WithoutStepsStateView.swift */ = {isa = PBXFileReference; lastKnownFileType = sourcecode.swift; path = WithoutStepsStateView.swift; sourceTree = "<group>"; };
		484859E1228B426D001D0B62 /* StepCollectionViewCell.swift */ = {isa = PBXFileReference; lastKnownFileType = sourcecode.swift; path = StepCollectionViewCell.swift; sourceTree = "<group>"; };
		484859E3228B4A88001D0B62 /* GoalHeaderView.swift */ = {isa = PBXFileReference; lastKnownFileType = sourcecode.swift; path = GoalHeaderView.swift; sourceTree = "<group>"; };
		484859E5228B4E49001D0B62 /* CircularProgressView.swift */ = {isa = PBXFileReference; lastKnownFileType = sourcecode.swift; path = CircularProgressView.swift; sourceTree = "<group>"; };
		48485A0B228F4BD5001D0B62 /* DateCollectionViewCell.swift */ = {isa = PBXFileReference; lastKnownFileType = sourcecode.swift; path = DateCollectionViewCell.swift; sourceTree = "<group>"; };
		4855A7BC2289E3700037BE80 /* RoundedButton.swift */ = {isa = PBXFileReference; lastKnownFileType = sourcecode.swift; path = RoundedButton.swift; sourceTree = "<group>"; };
		92188CE222809370001C9310 /* DetailGoalViewController.swift */ = {isa = PBXFileReference; lastKnownFileType = sourcecode.swift; path = DetailGoalViewController.swift; sourceTree = "<group>"; };
		92188CE42280B316001C9310 /* DetailGoalViewCell.swift */ = {isa = PBXFileReference; lastKnownFileType = sourcecode.swift; path = DetailGoalViewCell.swift; sourceTree = "<group>"; };
		9228160C227F5F0600EA9D92 /* GoalField.swift */ = {isa = PBXFileReference; lastKnownFileType = sourcecode.swift; path = GoalField.swift; sourceTree = "<group>"; };
		9230DC84228DDAA700BF06B3 /* ViewsNeed.swift */ = {isa = PBXFileReference; lastKnownFileType = sourcecode.swift; path = ViewsNeed.swift; sourceTree = "<group>"; };
		9230DC86228E25BC00BF06B3 /* UIComponents+Extension.swift */ = {isa = PBXFileReference; lastKnownFileType = sourcecode.swift; path = "UIComponents+Extension.swift"; sourceTree = "<group>"; };
		923D934A226E16610006ED17 /* Mini Challenge III.app */ = {isa = PBXFileReference; explicitFileType = wrapper.application; includeInIndex = 0; path = "Mini Challenge III.app"; sourceTree = BUILT_PRODUCTS_DIR; };
		923D934D226E16610006ED17 /* AppDelegate.swift */ = {isa = PBXFileReference; lastKnownFileType = sourcecode.swift; path = AppDelegate.swift; sourceTree = "<group>"; };
		923D9354226E16610006ED17 /* Assets.xcassets */ = {isa = PBXFileReference; lastKnownFileType = folder.assetcatalog; path = Assets.xcassets; sourceTree = "<group>"; };
		923D9357226E16610006ED17 /* Base */ = {isa = PBXFileReference; lastKnownFileType = file.storyboard; name = Base; path = Base.lproj/LaunchScreen.storyboard; sourceTree = "<group>"; };
		923D9359226E16610006ED17 /* Info.plist */ = {isa = PBXFileReference; lastKnownFileType = text.plist.xml; path = Info.plist; sourceTree = "<group>"; };
		923D935E226E16620006ED17 /* Mini Challenge IIITests.xctest */ = {isa = PBXFileReference; explicitFileType = wrapper.cfbundle; includeInIndex = 0; path = "Mini Challenge IIITests.xctest"; sourceTree = BUILT_PRODUCTS_DIR; };
		923D9362226E16620006ED17 /* Mini_Challenge_IIITests.swift */ = {isa = PBXFileReference; lastKnownFileType = sourcecode.swift; path = Mini_Challenge_IIITests.swift; sourceTree = "<group>"; };
		923D9364226E16620006ED17 /* Info.plist */ = {isa = PBXFileReference; lastKnownFileType = text.plist.xml; path = Info.plist; sourceTree = "<group>"; };
		923D9369226E16620006ED17 /* Mini Challenge IIIUITests.xctest */ = {isa = PBXFileReference; explicitFileType = wrapper.cfbundle; includeInIndex = 0; path = "Mini Challenge IIIUITests.xctest"; sourceTree = BUILT_PRODUCTS_DIR; };
		923D936D226E16620006ED17 /* Mini_Challenge_IIIUITests.swift */ = {isa = PBXFileReference; lastKnownFileType = sourcecode.swift; path = Mini_Challenge_IIIUITests.swift; sourceTree = "<group>"; };
		923D936F226E16620006ED17 /* Info.plist */ = {isa = PBXFileReference; lastKnownFileType = text.plist.xml; path = Info.plist; sourceTree = "<group>"; };
		923D937E226E19330006ED17 /* Page.swift */ = {isa = PBXFileReference; lastKnownFileType = sourcecode.swift; path = Page.swift; sourceTree = "<group>"; };
		923D9380226E19720006ED17 /* PageCell.swift */ = {isa = PBXFileReference; lastKnownFileType = sourcecode.swift; path = PageCell.swift; sourceTree = "<group>"; };
		923D9383226E199E0006ED17 /* Constraints+UIView.swift */ = {isa = PBXFileReference; lastKnownFileType = sourcecode.swift; path = "Constraints+UIView.swift"; sourceTree = "<group>"; };
		923D9385226E1A200006ED17 /* LoginController.swift */ = {isa = PBXFileReference; lastKnownFileType = sourcecode.swift; path = LoginController.swift; sourceTree = "<group>"; };
		923D9387226E1A390006ED17 /* LoginCell.swift */ = {isa = PBXFileReference; lastKnownFileType = sourcecode.swift; path = LoginCell.swift; sourceTree = "<group>"; };
		923D938C226E1A8C0006ED17 /* UserDefaults+helpers.swift */ = {isa = PBXFileReference; lastKnownFileType = sourcecode.swift; path = "UserDefaults+helpers.swift"; sourceTree = "<group>"; };
		923D938E226E1AA70006ED17 /* CustomTabBarController.swift */ = {isa = PBXFileReference; lastKnownFileType = sourcecode.swift; path = CustomTabBarController.swift; sourceTree = "<group>"; };
		923D9390226FA0050006ED17 /* BaseListController.swift */ = {isa = PBXFileReference; lastKnownFileType = sourcecode.swift; path = BaseListController.swift; sourceTree = "<group>"; };
		923F98CC2280C6140099C000 /* GoalHelper.swift */ = {isa = PBXFileReference; lastKnownFileType = sourcecode.swift; path = GoalHelper.swift; sourceTree = "<group>"; };
		9240DA6A2289890A0094961A /* data-base.xcdatamodel */ = {isa = PBXFileReference; lastKnownFileType = wrapper.xcdatamodel; path = "data-base.xcdatamodel"; sourceTree = "<group>"; };
		9240DA6E228989690094961A /* DAO.swift */ = {isa = PBXFileReference; lastKnownFileType = sourcecode.swift; path = DAO.swift; sourceTree = "<group>"; };
		9240DA7022898A360094961A /* CoreDataDAO.swift */ = {isa = PBXFileReference; lastKnownFileType = sourcecode.swift; path = CoreDataDAO.swift; sourceTree = "<group>"; };
		9240DA72228991E50094961A /* NSManagedObject+Extension.swift */ = {isa = PBXFileReference; lastKnownFileType = sourcecode.swift; path = "NSManagedObject+Extension.swift"; sourceTree = "<group>"; };
		9249BE2C228343D600178E92 /* ProgressStepView.swift */ = {isa = PBXFileReference; lastKnownFileType = sourcecode.swift; path = ProgressStepView.swift; sourceTree = "<group>"; };
		924D0F55227CB13300C272E7 /* ListGoalsViewController.swift */ = {isa = PBXFileReference; lastKnownFileType = sourcecode.swift; path = ListGoalsViewController.swift; sourceTree = "<group>"; };
		924D0F57227CB30200C272E7 /* CreateGoalViewController.swift */ = {isa = PBXFileReference; lastKnownFileType = sourcecode.swift; path = CreateGoalViewController.swift; sourceTree = "<group>"; };
		924D0F59227CB55500C272E7 /* CreateGoalsView.swift */ = {isa = PBXFileReference; lastKnownFileType = sourcecode.swift; path = CreateGoalsView.swift; sourceTree = "<group>"; };
		9271BC4C2289DF9100321ED5 /* StepCore+CoreData+Class.swift */ = {isa = PBXFileReference; lastKnownFileType = sourcecode.swift; path = "StepCore+CoreData+Class.swift"; sourceTree = "<group>"; };
		9271BC4E2289E10A00321ED5 /* StepCore+CoreDataProperties].swift */ = {isa = PBXFileReference; lastKnownFileType = sourcecode.swift; path = "StepCore+CoreDataProperties].swift"; sourceTree = "<group>"; };
		9271BC50228A168400321ED5 /* CreateGoals+Extensions.swift */ = {isa = PBXFileReference; lastKnownFileType = sourcecode.swift; path = "CreateGoals+Extensions.swift"; sourceTree = "<group>"; };
		92775292227F758100DD06AA /* ListGoalViewCell.swift */ = {isa = PBXFileReference; lastKnownFileType = sourcecode.swift; path = ListGoalViewCell.swift; sourceTree = "<group>"; };
		92775294227FB0C200DD06AA /* Goal.swift */ = {isa = PBXFileReference; lastKnownFileType = sourcecode.swift; path = Goal.swift; sourceTree = "<group>"; };
		927752962280923A00DD06AA /* Step.swift */ = {isa = PBXFileReference; lastKnownFileType = sourcecode.swift; path = Step.swift; sourceTree = "<group>"; };
		9280F18F227006600071D341 /* SmartController.swift */ = {isa = PBXFileReference; lastKnownFileType = sourcecode.swift; path = SmartController.swift; sourceTree = "<group>"; };
		9280F191227009AA0071D341 /* SmartCell.swift */ = {isa = PBXFileReference; lastKnownFileType = sourcecode.swift; path = SmartCell.swift; sourceTree = "<group>"; };
		9280F19322701DF60071D341 /* SmartFullScreenController.swift */ = {isa = PBXFileReference; lastKnownFileType = sourcecode.swift; path = SmartFullScreenController.swift; sourceTree = "<group>"; };
		9280F195227020950071D341 /* SmartFullScreenDescriptionCell.swift */ = {isa = PBXFileReference; lastKnownFileType = sourcecode.swift; path = SmartFullScreenDescriptionCell.swift; sourceTree = "<group>"; };
		9280F197227029640071D341 /* SmarFullScreenHeaderCell.swift */ = {isa = PBXFileReference; lastKnownFileType = sourcecode.swift; path = SmarFullScreenHeaderCell.swift; sourceTree = "<group>"; };
		929295622289DB620094C6D7 /* GoalCore+ClassCoreData.swift */ = {isa = PBXFileReference; lastKnownFileType = sourcecode.swift; path = "GoalCore+ClassCoreData.swift"; sourceTree = "<group>"; };
		929295642289DBEC0094C6D7 /* GolCore+CoreDataPropertie.swift */ = {isa = PBXFileReference; lastKnownFileType = sourcecode.swift; path = "GolCore+CoreDataPropertie.swift"; sourceTree = "<group>"; };
		92A9921B22863AE700A79932 /* OptionsController.swift */ = {isa = PBXFileReference; lastKnownFileType = sourcecode.swift; path = OptionsController.swift; sourceTree = "<group>"; };
		92A9921D22863AF500A79932 /* OptionsView.swift */ = {isa = PBXFileReference; lastKnownFileType = sourcecode.swift; path = OptionsView.swift; sourceTree = "<group>"; };
		92B19ABC228278A200F6649A /* SquareListGoalCell.swift */ = {isa = PBXFileReference; lastKnownFileType = sourcecode.swift; path = SquareListGoalCell.swift; sourceTree = "<group>"; };
		92B3ACDE22848E0600D78CFD /* ResumeViewController.swift */ = {isa = PBXFileReference; lastKnownFileType = sourcecode.swift; path = ResumeViewController.swift; sourceTree = "<group>"; };
		92B3ACE022848E4200D78CFD /* ResumeView.swift */ = {isa = PBXFileReference; lastKnownFileType = sourcecode.swift; path = ResumeView.swift; sourceTree = "<group>"; };
		92B3ACE22284A5B000D78CFD /* UIView+Helpers.swift */ = {isa = PBXFileReference; lastKnownFileType = sourcecode.swift; path = "UIView+Helpers.swift"; sourceTree = "<group>"; };
		92CA2B5F2287425D000493F1 /* OptionsControllerExtension.swift */ = {isa = PBXFileReference; lastKnownFileType = sourcecode.swift; path = OptionsControllerExtension.swift; sourceTree = "<group>"; };
/* End PBXFileReference section */

/* Begin PBXFrameworksBuildPhase section */
		923D9347226E16610006ED17 /* Frameworks */ = {
			isa = PBXFrameworksBuildPhase;
			buildActionMask = 2147483647;
			files = (
			);
			runOnlyForDeploymentPostprocessing = 0;
		};
		923D935B226E16620006ED17 /* Frameworks */ = {
			isa = PBXFrameworksBuildPhase;
			buildActionMask = 2147483647;
			files = (
			);
			runOnlyForDeploymentPostprocessing = 0;
		};
		923D9366226E16620006ED17 /* Frameworks */ = {
			isa = PBXFrameworksBuildPhase;
			buildActionMask = 2147483647;
			files = (
			);
			runOnlyForDeploymentPostprocessing = 0;
		};
/* End PBXFrameworksBuildPhase section */

/* Begin PBXGroup section */
		48FCCD652289B8CF000CBBD4 /* Goal Detail */ = {
			isa = PBXGroup;
			children = (
				480A0AC22289B98100004783 /* CalendarView.swift */,
				480A0AC42289B9F900004783 /* StepsView.swift */,
				480A0AC62289BA3400004783 /* GoalHaventStartedView.swift */,
				484859DF228B238A001D0B62 /* WithoutStepsStateView.swift */,
				484859E3228B4A88001D0B62 /* GoalHeaderView.swift */,
				484859E1228B426D001D0B62 /* StepCollectionViewCell.swift */,
				48485A0B228F4BD5001D0B62 /* DateCollectionViewCell.swift */,
			);
			path = "Goal Detail";
			sourceTree = "<group>";
		};
		9230DC83228DDA4B00BF06B3 /* Protocol */ = {
			isa = PBXGroup;
			children = (
				9230DC84228DDAA700BF06B3 /* ViewsNeed.swift */,
			);
			path = Protocol;
			sourceTree = "<group>";
		};
		923D9341226E16610006ED17 = {
			isa = PBXGroup;
			children = (
				923D934C226E16610006ED17 /* Mini Challenge III */,
				923D9361226E16620006ED17 /* Mini Challenge IIITests */,
				923D936C226E16620006ED17 /* Mini Challenge IIIUITests */,
				923D934B226E16610006ED17 /* Products */,
			);
			sourceTree = "<group>";
		};
		923D934B226E16610006ED17 /* Products */ = {
			isa = PBXGroup;
			children = (
				923D934A226E16610006ED17 /* Mini Challenge III.app */,
				923D935E226E16620006ED17 /* Mini Challenge IIITests.xctest */,
				923D9369226E16620006ED17 /* Mini Challenge IIIUITests.xctest */,
			);
			name = Products;
			sourceTree = "<group>";
		};
		923D934C226E16610006ED17 /* Mini Challenge III */ = {
			isa = PBXGroup;
			children = (
				9230DC83228DDA4B00BF06B3 /* Protocol */,
				9240DA68228988EC0094961A /* CoreData */,
				923D937B226E17EC0006ED17 /* Model */,
				923D938B226E1A7C0006ED17 /* Helpers */,
				923D9382226E19870006ED17 /* Extension */,
				923D937D226E182D0006ED17 /* Controller */,
				923D937C226E18290006ED17 /* View */,
				923D934D226E16610006ED17 /* AppDelegate.swift */,
				923D9354226E16610006ED17 /* Assets.xcassets */,
				923D9356226E16610006ED17 /* LaunchScreen.storyboard */,
				923D9359226E16610006ED17 /* Info.plist */,
			);
			path = "Mini Challenge III";
			sourceTree = "<group>";
		};
		923D9361226E16620006ED17 /* Mini Challenge IIITests */ = {
			isa = PBXGroup;
			children = (
				923D9362226E16620006ED17 /* Mini_Challenge_IIITests.swift */,
				923D9364226E16620006ED17 /* Info.plist */,
			);
			path = "Mini Challenge IIITests";
			sourceTree = "<group>";
		};
		923D936C226E16620006ED17 /* Mini Challenge IIIUITests */ = {
			isa = PBXGroup;
			children = (
				923D936D226E16620006ED17 /* Mini_Challenge_IIIUITests.swift */,
				923D936F226E16620006ED17 /* Info.plist */,
			);
			path = "Mini Challenge IIIUITests";
			sourceTree = "<group>";
		};
		923D937B226E17EC0006ED17 /* Model */ = {
			isa = PBXGroup;
			children = (
				9240DA752289A4DF0094961A /* Step */,
				9240DA742289A4DA0094961A /* Goal */,
				923D937E226E19330006ED17 /* Page.swift */,
				9228160C227F5F0600EA9D92 /* GoalField.swift */,
				92775294227FB0C200DD06AA /* Goal.swift */,
				927752962280923A00DD06AA /* Step.swift */,
			);
			path = Model;
			sourceTree = "<group>";
		};
		923D937C226E18290006ED17 /* View */ = {
			isa = PBXGroup;
			children = (
				48FCCD652289B8CF000CBBD4 /* Goal Detail */,
				923D9380226E19720006ED17 /* PageCell.swift */,
				923D9387226E1A390006ED17 /* LoginCell.swift */,
				9280F191227009AA0071D341 /* SmartCell.swift */,
				9280F195227020950071D341 /* SmartFullScreenDescriptionCell.swift */,
				9280F197227029640071D341 /* SmarFullScreenHeaderCell.swift */,
				924D0F59227CB55500C272E7 /* CreateGoalsView.swift */,
				92188CE42280B316001C9310 /* DetailGoalViewCell.swift */,
				92775292227F758100DD06AA /* ListGoalViewCell.swift */,
				92B19ABC228278A200F6649A /* SquareListGoalCell.swift */,
				9249BE2C228343D600178E92 /* ProgressStepView.swift */,
				92B3ACE022848E4200D78CFD /* ResumeView.swift */,
				92A9921D22863AF500A79932 /* OptionsView.swift */,
				4855A7BC2289E3700037BE80 /* RoundedButton.swift */,
				484859E5228B4E49001D0B62 /* CircularProgressView.swift */,
			);
			path = View;
			sourceTree = "<group>";
		};
		923D937D226E182D0006ED17 /* Controller */ = {
			isa = PBXGroup;
			children = (
				923D9385226E1A200006ED17 /* LoginController.swift */,
				923D938E226E1AA70006ED17 /* CustomTabBarController.swift */,
				923D9390226FA0050006ED17 /* BaseListController.swift */,
				9280F18F227006600071D341 /* SmartController.swift */,
				9280F19322701DF60071D341 /* SmartFullScreenController.swift */,
				924D0F55227CB13300C272E7 /* ListGoalsViewController.swift */,
				924D0F57227CB30200C272E7 /* CreateGoalViewController.swift */,
				92188CE222809370001C9310 /* DetailGoalViewController.swift */,
				92B3ACDE22848E0600D78CFD /* ResumeViewController.swift */,
				92A9921B22863AE700A79932 /* OptionsController.swift */,
			);
			path = Controller;
			sourceTree = "<group>";
		};
		923D9382226E19870006ED17 /* Extension */ = {
			isa = PBXGroup;
			children = (
				923D9383226E199E0006ED17 /* Constraints+UIView.swift */,
				92CA2B5F2287425D000493F1 /* OptionsControllerExtension.swift */,
				9240DA72228991E50094961A /* NSManagedObject+Extension.swift */,
				9271BC50228A168400321ED5 /* CreateGoals+Extensions.swift */,
				9230DC86228E25BC00BF06B3 /* UIComponents+Extension.swift */,
			);
			path = Extension;
			sourceTree = "<group>";
		};
		923D938B226E1A7C0006ED17 /* Helpers */ = {
			isa = PBXGroup;
			children = (
				923D938C226E1A8C0006ED17 /* UserDefaults+helpers.swift */,
				923F98CC2280C6140099C000 /* GoalHelper.swift */,
				92B3ACE22284A5B000D78CFD /* UIView+Helpers.swift */,
			);
			path = Helpers;
			sourceTree = "<group>";
		};
		9240DA68228988EC0094961A /* CoreData */ = {
			isa = PBXGroup;
			children = (
				9240DA6C2289894D0094961A /* DAO */,
				9240DA692289890A0094961A /* data-base.xcdatamodeld */,
			);
			path = CoreData;
			sourceTree = "<group>";
		};
		9240DA6C2289894D0094961A /* DAO */ = {
			isa = PBXGroup;
			children = (
				9240DA6E228989690094961A /* DAO.swift */,
				9240DA7022898A360094961A /* CoreDataDAO.swift */,
			);
			path = DAO;
			sourceTree = "<group>";
		};
		9240DA742289A4DA0094961A /* Goal */ = {
			isa = PBXGroup;
			children = (
				929295622289DB620094C6D7 /* GoalCore+ClassCoreData.swift */,
				929295642289DBEC0094C6D7 /* GolCore+CoreDataPropertie.swift */,
			);
			path = Goal;
			sourceTree = "<group>";
		};
		9240DA752289A4DF0094961A /* Step */ = {
			isa = PBXGroup;
			children = (
				9271BC4C2289DF9100321ED5 /* StepCore+CoreData+Class.swift */,
				9271BC4E2289E10A00321ED5 /* StepCore+CoreDataProperties].swift */,
			);
			path = Step;
			sourceTree = "<group>";
		};
/* End PBXGroup section */

/* Begin PBXNativeTarget section */
		923D9349226E16610006ED17 /* Mini Challenge III */ = {
			isa = PBXNativeTarget;
			buildConfigurationList = 923D9372226E16620006ED17 /* Build configuration list for PBXNativeTarget "Mini Challenge III" */;
			buildPhases = (
				923D9346226E16610006ED17 /* Sources */,
				923D9347226E16610006ED17 /* Frameworks */,
				923D9348226E16610006ED17 /* Resources */,
				92DC5FC1227684F900F2BFF0 /* Swift Lint */,
			);
			buildRules = (
			);
			dependencies = (
			);
			name = "Mini Challenge III";
			productName = "Mini Challenge III";
			productReference = 923D934A226E16610006ED17 /* Mini Challenge III.app */;
			productType = "com.apple.product-type.application";
		};
		923D935D226E16620006ED17 /* Mini Challenge IIITests */ = {
			isa = PBXNativeTarget;
			buildConfigurationList = 923D9375226E16620006ED17 /* Build configuration list for PBXNativeTarget "Mini Challenge IIITests" */;
			buildPhases = (
				923D935A226E16620006ED17 /* Sources */,
				923D935B226E16620006ED17 /* Frameworks */,
				923D935C226E16620006ED17 /* Resources */,
			);
			buildRules = (
			);
			dependencies = (
				923D9360226E16620006ED17 /* PBXTargetDependency */,
			);
			name = "Mini Challenge IIITests";
			productName = "Mini Challenge IIITests";
			productReference = 923D935E226E16620006ED17 /* Mini Challenge IIITests.xctest */;
			productType = "com.apple.product-type.bundle.unit-test";
		};
		923D9368226E16620006ED17 /* Mini Challenge IIIUITests */ = {
			isa = PBXNativeTarget;
			buildConfigurationList = 923D9378226E16620006ED17 /* Build configuration list for PBXNativeTarget "Mini Challenge IIIUITests" */;
			buildPhases = (
				923D9365226E16620006ED17 /* Sources */,
				923D9366226E16620006ED17 /* Frameworks */,
				923D9367226E16620006ED17 /* Resources */,
			);
			buildRules = (
			);
			dependencies = (
				923D936B226E16620006ED17 /* PBXTargetDependency */,
			);
			name = "Mini Challenge IIIUITests";
			productName = "Mini Challenge IIIUITests";
			productReference = 923D9369226E16620006ED17 /* Mini Challenge IIIUITests.xctest */;
			productType = "com.apple.product-type.bundle.ui-testing";
		};
/* End PBXNativeTarget section */

/* Begin PBXProject section */
		923D9342226E16610006ED17 /* Project object */ = {
			isa = PBXProject;
			attributes = {
				LastSwiftUpdateCheck = 1020;
				LastUpgradeCheck = 1020;
				ORGANIZATIONNAME = "Vinicius Mangueira Correia";
				TargetAttributes = {
					923D9349226E16610006ED17 = {
						CreatedOnToolsVersion = 10.2.1;
					};
					923D935D226E16620006ED17 = {
						CreatedOnToolsVersion = 10.2.1;
						TestTargetID = 923D9349226E16610006ED17;
					};
					923D9368226E16620006ED17 = {
						CreatedOnToolsVersion = 10.2.1;
						TestTargetID = 923D9349226E16610006ED17;
					};
				};
			};
			buildConfigurationList = 923D9345226E16610006ED17 /* Build configuration list for PBXProject "Mini Challenge III" */;
			compatibilityVersion = "Xcode 9.3";
			developmentRegion = en;
			hasScannedForEncodings = 0;
			knownRegions = (
				en,
				Base,
			);
			mainGroup = 923D9341226E16610006ED17;
			productRefGroup = 923D934B226E16610006ED17 /* Products */;
			projectDirPath = "";
			projectRoot = "";
			targets = (
				923D9349226E16610006ED17 /* Mini Challenge III */,
				923D935D226E16620006ED17 /* Mini Challenge IIITests */,
				923D9368226E16620006ED17 /* Mini Challenge IIIUITests */,
			);
		};
/* End PBXProject section */

/* Begin PBXResourcesBuildPhase section */
		923D9348226E16610006ED17 /* Resources */ = {
			isa = PBXResourcesBuildPhase;
			buildActionMask = 2147483647;
			files = (
				923D9358226E16610006ED17 /* LaunchScreen.storyboard in Resources */,
				923D9355226E16610006ED17 /* Assets.xcassets in Resources */,
			);
			runOnlyForDeploymentPostprocessing = 0;
		};
		923D935C226E16620006ED17 /* Resources */ = {
			isa = PBXResourcesBuildPhase;
			buildActionMask = 2147483647;
			files = (
			);
			runOnlyForDeploymentPostprocessing = 0;
		};
		923D9367226E16620006ED17 /* Resources */ = {
			isa = PBXResourcesBuildPhase;
			buildActionMask = 2147483647;
			files = (
			);
			runOnlyForDeploymentPostprocessing = 0;
		};
/* End PBXResourcesBuildPhase section */

/* Begin PBXShellScriptBuildPhase section */
		92DC5FC1227684F900F2BFF0 /* Swift Lint */ = {
			isa = PBXShellScriptBuildPhase;
			buildActionMask = 12;
			files = (
			);
			inputFileListPaths = (
			);
			inputPaths = (
			);
			name = "Swift Lint";
			outputFileListPaths = (
			);
			outputPaths = (
			);
			runOnlyForDeploymentPostprocessing = 0;
			shellPath = /bin/sh;
			shellScript = "# Type a script or drag a script file from your workspace to insert its path.\nif which swiftlint >/dev/null; then\nswiftlint\nelse\necho \"warning: SwiftLint not installed, download from https://github.com/realm/SwiftLint\"\nfi\n";
		};
/* End PBXShellScriptBuildPhase section */

/* Begin PBXSourcesBuildPhase section */
		923D9346226E16610006ED17 /* Sources */ = {
			isa = PBXSourcesBuildPhase;
			buildActionMask = 2147483647;
			files = (
				480A0AC52289B9F900004783 /* StepsView.swift in Sources */,
				923D9391226FA0050006ED17 /* BaseListController.swift in Sources */,
				929295652289DBEC0094C6D7 /* GolCore+CoreDataPropertie.swift in Sources */,
				9280F192227009AA0071D341 /* SmartCell.swift in Sources */,
				92188CE52280B316001C9310 /* DetailGoalViewCell.swift in Sources */,
				9240DA6B2289890A0094961A /* data-base.xcdatamodeld in Sources */,
				9271BC51228A168400321ED5 /* CreateGoals+Extensions.swift in Sources */,
				923D937F226E19330006ED17 /* Page.swift in Sources */,
				92A9921C22863AE700A79932 /* OptionsController.swift in Sources */,
				48485A0C228F4BD5001D0B62 /* DateCollectionViewCell.swift in Sources */,
				9240DA6F228989690094961A /* DAO.swift in Sources */,
				923D934E226E16610006ED17 /* AppDelegate.swift in Sources */,
				9280F196227020950071D341 /* SmartFullScreenDescriptionCell.swift in Sources */,
				9230DC87228E25BC00BF06B3 /* UIComponents+Extension.swift in Sources */,
				9271BC4F2289E10A00321ED5 /* StepCore+CoreDataProperties].swift in Sources */,
				9280F190227006600071D341 /* SmartController.swift in Sources */,
				92B3ACE122848E4200D78CFD /* ResumeView.swift in Sources */,
				929295632289DB620094C6D7 /* GoalCore+ClassCoreData.swift in Sources */,
				92188CE322809370001C9310 /* DetailGoalViewController.swift in Sources */,
				92B3ACE32284A5B000D78CFD /* UIView+Helpers.swift in Sources */,
				924D0F5A227CB55500C272E7 /* CreateGoalsView.swift in Sources */,
				92A9921E22863AF500A79932 /* OptionsView.swift in Sources */,
				923D938D226E1A8C0006ED17 /* UserDefaults+helpers.swift in Sources */,
				92775295227FB0C200DD06AA /* Goal.swift in Sources */,
				92B19ABD228278A200F6649A /* SquareListGoalCell.swift in Sources */,
				9230DC85228DDAA700BF06B3 /* ViewsNeed.swift in Sources */,
				9240DA7122898A360094961A /* CoreDataDAO.swift in Sources */,
				92CA2B602287425D000493F1 /* OptionsControllerExtension.swift in Sources */,
				484859E6228B4E49001D0B62 /* CircularProgressView.swift in Sources */,
				484859E2228B426D001D0B62 /* StepCollectionViewCell.swift in Sources */,
				480A0AC32289B98100004783 /* CalendarView.swift in Sources */,
				480A0AC72289BA3400004783 /* GoalHaventStartedView.swift in Sources */,
				923D9381226E19720006ED17 /* PageCell.swift in Sources */,
				923D9384226E199E0006ED17 /* Constraints+UIView.swift in Sources */,
				924D0F56227CB13300C272E7 /* ListGoalsViewController.swift in Sources */,
				923D938F226E1AA70006ED17 /* CustomTabBarController.swift in Sources */,
				9280F19422701DF60071D341 /* SmartFullScreenController.swift in Sources */,
				484859E4228B4A88001D0B62 /* GoalHeaderView.swift in Sources */,
				484859E0228B238B001D0B62 /* WithoutStepsStateView.swift in Sources */,
				9249BE2D228343D600178E92 /* ProgressStepView.swift in Sources */,
				92B3ACDF22848E0600D78CFD /* ResumeViewController.swift in Sources */,
				9240DA73228991E50094961A /* NSManagedObject+Extension.swift in Sources */,
				923D9386226E1A200006ED17 /* LoginController.swift in Sources */,
				923D9388226E1A390006ED17 /* LoginCell.swift in Sources */,
				9228160D227F5F0600EA9D92 /* GoalField.swift in Sources */,
				92775293227F758100DD06AA /* ListGoalViewCell.swift in Sources */,
				4855A7BD2289E3700037BE80 /* RoundedButton.swift in Sources */,
				927752972280923A00DD06AA /* Step.swift in Sources */,
				9280F198227029640071D341 /* SmarFullScreenHeaderCell.swift in Sources */,
				9271BC4D2289DF9100321ED5 /* StepCore+CoreData+Class.swift in Sources */,
				923F98CD2280C6140099C000 /* GoalHelper.swift in Sources */,
				924D0F58227CB30200C272E7 /* CreateGoalViewController.swift in Sources */,
			);
			runOnlyForDeploymentPostprocessing = 0;
		};
		923D935A226E16620006ED17 /* Sources */ = {
			isa = PBXSourcesBuildPhase;
			buildActionMask = 2147483647;
			files = (
				923D9363226E16620006ED17 /* Mini_Challenge_IIITests.swift in Sources */,
			);
			runOnlyForDeploymentPostprocessing = 0;
		};
		923D9365226E16620006ED17 /* Sources */ = {
			isa = PBXSourcesBuildPhase;
			buildActionMask = 2147483647;
			files = (
				923D936E226E16620006ED17 /* Mini_Challenge_IIIUITests.swift in Sources */,
			);
			runOnlyForDeploymentPostprocessing = 0;
		};
/* End PBXSourcesBuildPhase section */

/* Begin PBXTargetDependency section */
		923D9360226E16620006ED17 /* PBXTargetDependency */ = {
			isa = PBXTargetDependency;
			target = 923D9349226E16610006ED17 /* Mini Challenge III */;
			targetProxy = 923D935F226E16620006ED17 /* PBXContainerItemProxy */;
		};
		923D936B226E16620006ED17 /* PBXTargetDependency */ = {
			isa = PBXTargetDependency;
			target = 923D9349226E16610006ED17 /* Mini Challenge III */;
			targetProxy = 923D936A226E16620006ED17 /* PBXContainerItemProxy */;
		};
/* End PBXTargetDependency section */

/* Begin PBXVariantGroup section */
		923D9356226E16610006ED17 /* LaunchScreen.storyboard */ = {
			isa = PBXVariantGroup;
			children = (
				923D9357226E16610006ED17 /* Base */,
			);
			name = LaunchScreen.storyboard;
			sourceTree = "<group>";
		};
/* End PBXVariantGroup section */

/* Begin XCBuildConfiguration section */
		923D9370226E16620006ED17 /* Debug */ = {
			isa = XCBuildConfiguration;
			buildSettings = {
				ALWAYS_SEARCH_USER_PATHS = NO;
				CLANG_ANALYZER_NONNULL = YES;
				CLANG_ANALYZER_NUMBER_OBJECT_CONVERSION = YES_AGGRESSIVE;
				CLANG_CXX_LANGUAGE_STANDARD = "gnu++14";
				CLANG_CXX_LIBRARY = "libc++";
				CLANG_ENABLE_MODULES = YES;
				CLANG_ENABLE_OBJC_ARC = YES;
				CLANG_ENABLE_OBJC_WEAK = YES;
				CLANG_WARN_BLOCK_CAPTURE_AUTORELEASING = YES;
				CLANG_WARN_BOOL_CONVERSION = YES;
				CLANG_WARN_COMMA = YES;
				CLANG_WARN_CONSTANT_CONVERSION = YES;
				CLANG_WARN_DEPRECATED_OBJC_IMPLEMENTATIONS = YES;
				CLANG_WARN_DIRECT_OBJC_ISA_USAGE = YES_ERROR;
				CLANG_WARN_DOCUMENTATION_COMMENTS = YES;
				CLANG_WARN_EMPTY_BODY = YES;
				CLANG_WARN_ENUM_CONVERSION = YES;
				CLANG_WARN_INFINITE_RECURSION = YES;
				CLANG_WARN_INT_CONVERSION = YES;
				CLANG_WARN_NON_LITERAL_NULL_CONVERSION = YES;
				CLANG_WARN_OBJC_IMPLICIT_RETAIN_SELF = YES;
				CLANG_WARN_OBJC_LITERAL_CONVERSION = YES;
				CLANG_WARN_OBJC_ROOT_CLASS = YES_ERROR;
				CLANG_WARN_RANGE_LOOP_ANALYSIS = YES;
				CLANG_WARN_STRICT_PROTOTYPES = YES;
				CLANG_WARN_SUSPICIOUS_MOVE = YES;
				CLANG_WARN_UNGUARDED_AVAILABILITY = YES_AGGRESSIVE;
				CLANG_WARN_UNREACHABLE_CODE = YES;
				CLANG_WARN__DUPLICATE_METHOD_MATCH = YES;
				CODE_SIGN_IDENTITY = "iPhone Developer";
				COPY_PHASE_STRIP = NO;
				DEBUG_INFORMATION_FORMAT = dwarf;
				ENABLE_STRICT_OBJC_MSGSEND = YES;
				ENABLE_TESTABILITY = YES;
				GCC_C_LANGUAGE_STANDARD = gnu11;
				GCC_DYNAMIC_NO_PIC = NO;
				GCC_NO_COMMON_BLOCKS = YES;
				GCC_OPTIMIZATION_LEVEL = 0;
				GCC_PREPROCESSOR_DEFINITIONS = (
					"DEBUG=1",
					"$(inherited)",
				);
				GCC_WARN_64_TO_32_BIT_CONVERSION = YES;
				GCC_WARN_ABOUT_RETURN_TYPE = YES_ERROR;
				GCC_WARN_UNDECLARED_SELECTOR = YES;
				GCC_WARN_UNINITIALIZED_AUTOS = YES_AGGRESSIVE;
				GCC_WARN_UNUSED_FUNCTION = YES;
				GCC_WARN_UNUSED_VARIABLE = YES;
				IPHONEOS_DEPLOYMENT_TARGET = 12.2;
				MTL_ENABLE_DEBUG_INFO = INCLUDE_SOURCE;
				MTL_FAST_MATH = YES;
				ONLY_ACTIVE_ARCH = YES;
				SDKROOT = iphoneos;
				SWIFT_ACTIVE_COMPILATION_CONDITIONS = DEBUG;
				SWIFT_OPTIMIZATION_LEVEL = "-Onone";
			};
			name = Debug;
		};
		923D9371226E16620006ED17 /* Release */ = {
			isa = XCBuildConfiguration;
			buildSettings = {
				ALWAYS_SEARCH_USER_PATHS = NO;
				CLANG_ANALYZER_NONNULL = YES;
				CLANG_ANALYZER_NUMBER_OBJECT_CONVERSION = YES_AGGRESSIVE;
				CLANG_CXX_LANGUAGE_STANDARD = "gnu++14";
				CLANG_CXX_LIBRARY = "libc++";
				CLANG_ENABLE_MODULES = YES;
				CLANG_ENABLE_OBJC_ARC = YES;
				CLANG_ENABLE_OBJC_WEAK = YES;
				CLANG_WARN_BLOCK_CAPTURE_AUTORELEASING = YES;
				CLANG_WARN_BOOL_CONVERSION = YES;
				CLANG_WARN_COMMA = YES;
				CLANG_WARN_CONSTANT_CONVERSION = YES;
				CLANG_WARN_DEPRECATED_OBJC_IMPLEMENTATIONS = YES;
				CLANG_WARN_DIRECT_OBJC_ISA_USAGE = YES_ERROR;
				CLANG_WARN_DOCUMENTATION_COMMENTS = YES;
				CLANG_WARN_EMPTY_BODY = YES;
				CLANG_WARN_ENUM_CONVERSION = YES;
				CLANG_WARN_INFINITE_RECURSION = YES;
				CLANG_WARN_INT_CONVERSION = YES;
				CLANG_WARN_NON_LITERAL_NULL_CONVERSION = YES;
				CLANG_WARN_OBJC_IMPLICIT_RETAIN_SELF = YES;
				CLANG_WARN_OBJC_LITERAL_CONVERSION = YES;
				CLANG_WARN_OBJC_ROOT_CLASS = YES_ERROR;
				CLANG_WARN_RANGE_LOOP_ANALYSIS = YES;
				CLANG_WARN_STRICT_PROTOTYPES = YES;
				CLANG_WARN_SUSPICIOUS_MOVE = YES;
				CLANG_WARN_UNGUARDED_AVAILABILITY = YES_AGGRESSIVE;
				CLANG_WARN_UNREACHABLE_CODE = YES;
				CLANG_WARN__DUPLICATE_METHOD_MATCH = YES;
				CODE_SIGN_IDENTITY = "iPhone Developer";
				COPY_PHASE_STRIP = NO;
				DEBUG_INFORMATION_FORMAT = "dwarf-with-dsym";
				ENABLE_NS_ASSERTIONS = NO;
				ENABLE_STRICT_OBJC_MSGSEND = YES;
				GCC_C_LANGUAGE_STANDARD = gnu11;
				GCC_NO_COMMON_BLOCKS = YES;
				GCC_WARN_64_TO_32_BIT_CONVERSION = YES;
				GCC_WARN_ABOUT_RETURN_TYPE = YES_ERROR;
				GCC_WARN_UNDECLARED_SELECTOR = YES;
				GCC_WARN_UNINITIALIZED_AUTOS = YES_AGGRESSIVE;
				GCC_WARN_UNUSED_FUNCTION = YES;
				GCC_WARN_UNUSED_VARIABLE = YES;
				IPHONEOS_DEPLOYMENT_TARGET = 12.2;
				MTL_ENABLE_DEBUG_INFO = NO;
				MTL_FAST_MATH = YES;
				SDKROOT = iphoneos;
				SWIFT_COMPILATION_MODE = wholemodule;
				SWIFT_OPTIMIZATION_LEVEL = "-O";
				VALIDATE_PRODUCT = YES;
			};
			name = Release;
		};
		923D9373226E16620006ED17 /* Debug */ = {
			isa = XCBuildConfiguration;
			buildSettings = {
				ASSETCATALOG_COMPILER_APPICON_NAME = AppIcon;
				CODE_SIGN_STYLE = Automatic;
				DEVELOPMENT_TEAM = F6FYGZ29HL;
				INFOPLIST_FILE = "Mini Challenge III/Info.plist";
				LD_RUNPATH_SEARCH_PATHS = (
					"$(inherited)",
					"@executable_path/Frameworks",
				);
				PRODUCT_BUNDLE_IDENTIFIER = "vinicius.academy.Mini-Challenge-III";
				PRODUCT_NAME = "$(TARGET_NAME)";
				SWIFT_VERSION = 5.0;
				TARGETED_DEVICE_FAMILY = "1,2";
			};
			name = Debug;
		};
		923D9374226E16620006ED17 /* Release */ = {
			isa = XCBuildConfiguration;
			buildSettings = {
				ASSETCATALOG_COMPILER_APPICON_NAME = AppIcon;
				CODE_SIGN_STYLE = Automatic;
				DEVELOPMENT_TEAM = F6FYGZ29HL;
				INFOPLIST_FILE = "Mini Challenge III/Info.plist";
				LD_RUNPATH_SEARCH_PATHS = (
					"$(inherited)",
					"@executable_path/Frameworks",
				);
				PRODUCT_BUNDLE_IDENTIFIER = "vinicius.academy.Mini-Challenge-III";
				PRODUCT_NAME = "$(TARGET_NAME)";
				SWIFT_VERSION = 5.0;
				TARGETED_DEVICE_FAMILY = "1,2";
			};
			name = Release;
		};
		923D9376226E16620006ED17 /* Debug */ = {
			isa = XCBuildConfiguration;
			buildSettings = {
				ALWAYS_EMBED_SWIFT_STANDARD_LIBRARIES = YES;
				BUNDLE_LOADER = "$(TEST_HOST)";
				CODE_SIGN_STYLE = Automatic;
				DEVELOPMENT_TEAM = F6FYGZ29HL;
				INFOPLIST_FILE = "Mini Challenge IIITests/Info.plist";
				LD_RUNPATH_SEARCH_PATHS = (
					"$(inherited)",
					"@executable_path/Frameworks",
					"@loader_path/Frameworks",
				);
				PRODUCT_BUNDLE_IDENTIFIER = "vinicius.academy.Mini-Challenge-IIITests";
				PRODUCT_NAME = "$(TARGET_NAME)";
				SWIFT_VERSION = 5.0;
				TARGETED_DEVICE_FAMILY = "1,2";
				TEST_HOST = "$(BUILT_PRODUCTS_DIR)/Mini Challenge III.app/Mini Challenge III";
			};
			name = Debug;
		};
		923D9377226E16620006ED17 /* Release */ = {
			isa = XCBuildConfiguration;
			buildSettings = {
				ALWAYS_EMBED_SWIFT_STANDARD_LIBRARIES = YES;
				BUNDLE_LOADER = "$(TEST_HOST)";
				CODE_SIGN_STYLE = Automatic;
				DEVELOPMENT_TEAM = F6FYGZ29HL;
				INFOPLIST_FILE = "Mini Challenge IIITests/Info.plist";
				LD_RUNPATH_SEARCH_PATHS = (
					"$(inherited)",
					"@executable_path/Frameworks",
					"@loader_path/Frameworks",
				);
				PRODUCT_BUNDLE_IDENTIFIER = "vinicius.academy.Mini-Challenge-IIITests";
				PRODUCT_NAME = "$(TARGET_NAME)";
				SWIFT_VERSION = 5.0;
				TARGETED_DEVICE_FAMILY = "1,2";
				TEST_HOST = "$(BUILT_PRODUCTS_DIR)/Mini Challenge III.app/Mini Challenge III";
			};
			name = Release;
		};
		923D9379226E16620006ED17 /* Debug */ = {
			isa = XCBuildConfiguration;
			buildSettings = {
				ALWAYS_EMBED_SWIFT_STANDARD_LIBRARIES = YES;
				CODE_SIGN_STYLE = Automatic;
				DEVELOPMENT_TEAM = F6FYGZ29HL;
				INFOPLIST_FILE = "Mini Challenge IIIUITests/Info.plist";
				LD_RUNPATH_SEARCH_PATHS = (
					"$(inherited)",
					"@executable_path/Frameworks",
					"@loader_path/Frameworks",
				);
				PRODUCT_BUNDLE_IDENTIFIER = "vinicius.academy.Mini-Challenge-IIIUITests";
				PRODUCT_NAME = "$(TARGET_NAME)";
				SWIFT_VERSION = 5.0;
				TARGETED_DEVICE_FAMILY = "1,2";
				TEST_TARGET_NAME = "Mini Challenge III";
			};
			name = Debug;
		};
		923D937A226E16620006ED17 /* Release */ = {
			isa = XCBuildConfiguration;
			buildSettings = {
				ALWAYS_EMBED_SWIFT_STANDARD_LIBRARIES = YES;
				CODE_SIGN_STYLE = Automatic;
				DEVELOPMENT_TEAM = F6FYGZ29HL;
				INFOPLIST_FILE = "Mini Challenge IIIUITests/Info.plist";
				LD_RUNPATH_SEARCH_PATHS = (
					"$(inherited)",
					"@executable_path/Frameworks",
					"@loader_path/Frameworks",
				);
				PRODUCT_BUNDLE_IDENTIFIER = "vinicius.academy.Mini-Challenge-IIIUITests";
				PRODUCT_NAME = "$(TARGET_NAME)";
				SWIFT_VERSION = 5.0;
				TARGETED_DEVICE_FAMILY = "1,2";
				TEST_TARGET_NAME = "Mini Challenge III";
			};
			name = Release;
		};
/* End XCBuildConfiguration section */

/* Begin XCConfigurationList section */
		923D9345226E16610006ED17 /* Build configuration list for PBXProject "Mini Challenge III" */ = {
			isa = XCConfigurationList;
			buildConfigurations = (
				923D9370226E16620006ED17 /* Debug */,
				923D9371226E16620006ED17 /* Release */,
			);
			defaultConfigurationIsVisible = 0;
			defaultConfigurationName = Release;
		};
		923D9372226E16620006ED17 /* Build configuration list for PBXNativeTarget "Mini Challenge III" */ = {
			isa = XCConfigurationList;
			buildConfigurations = (
				923D9373226E16620006ED17 /* Debug */,
				923D9374226E16620006ED17 /* Release */,
			);
			defaultConfigurationIsVisible = 0;
			defaultConfigurationName = Release;
		};
		923D9375226E16620006ED17 /* Build configuration list for PBXNativeTarget "Mini Challenge IIITests" */ = {
			isa = XCConfigurationList;
			buildConfigurations = (
				923D9376226E16620006ED17 /* Debug */,
				923D9377226E16620006ED17 /* Release */,
			);
			defaultConfigurationIsVisible = 0;
			defaultConfigurationName = Release;
		};
		923D9378226E16620006ED17 /* Build configuration list for PBXNativeTarget "Mini Challenge IIIUITests" */ = {
			isa = XCConfigurationList;
			buildConfigurations = (
				923D9379226E16620006ED17 /* Debug */,
				923D937A226E16620006ED17 /* Release */,
			);
			defaultConfigurationIsVisible = 0;
			defaultConfigurationName = Release;
		};
/* End XCConfigurationList section */

/* Begin XCVersionGroup section */
		9240DA692289890A0094961A /* data-base.xcdatamodeld */ = {
			isa = XCVersionGroup;
			children = (
				9240DA6A2289890A0094961A /* data-base.xcdatamodel */,
			);
			currentVersion = 9240DA6A2289890A0094961A /* data-base.xcdatamodel */;
			path = "data-base.xcdatamodeld";
			sourceTree = "<group>";
			versionGroupType = wrapper.xcdatamodel;
		};
/* End XCVersionGroup section */
	};
	rootObject = 923D9342226E16610006ED17 /* Project object */;
}
